
Microsoft Visual Studio Solution File, Format Version 12.00
# Visual Studio Version 16
VisualStudioVersion = 16.0.31702.278
MinimumVisualStudioVersion = 10.0.40219.1
Project("{FAE04EC0-301F-11D3-BF4B-00C04F79EFBC}") = "Todos.Domain", "Todos.Domain\Todos.Domain.csproj", "{CBEBD331-61DD-48D8-8F6A-AFDD757A2EAF}"
EndProject
Project("{FAE04EC0-301F-11D3-BF4B-00C04F79EFBC}") = "Todos.Infrastructure", "Todos.Infrastructure\Todos.Infrastructure.csproj", "{373AA69C-5652-4BED-A3DF-70EC13E9DF35}"
EndProject
Project("{FAE04EC0-301F-11D3-BF4B-00C04F79EFBC}") = "Todos.Application", "Todos.Application\Todos.Application.csproj", "{790C99AC-4FC8-45B6-8CF8-1CEA585A8DDD}"
EndProject
Project("{FAE04EC0-301F-11D3-BF4B-00C04F79EFBC}") = "Todos.WebApi", "Todos.WebApi\Todos.WebApi.csproj", "{1EE72799-03DA-4E55-A7F9-14FD6EE757D5}"
EndProject
Global
	GlobalSection(SolutionConfigurationPlatforms) = preSolution
		Debug|Any CPU = Debug|Any CPU
		Release|Any CPU = Release|Any CPU
	EndGlobalSection
	GlobalSection(ProjectConfigurationPlatforms) = postSolution
		{CBEBD331-61DD-48D8-8F6A-AFDD757A2EAF}.Debug|Any CPU.ActiveCfg = Debug|Any CPU
		{CBEBD331-61DD-48D8-8F6A-AFDD757A2EAF}.Debug|Any CPU.Build.0 = Debug|Any CPU
		{CBEBD331-61DD-48D8-8F6A-AFDD757A2EAF}.Release|Any CPU.ActiveCfg = Release|Any CPU
		{CBEBD331-61DD-48D8-8F6A-AFDD757A2EAF}.Release|Any CPU.Build.0 = Release|Any CPU
		{373AA69C-5652-4BED-A3DF-70EC13E9DF35}.Debug|Any CPU.ActiveCfg = Debug|Any CPU
		{373AA69C-5652-4BED-A3DF-70EC13E9DF35}.Debug|Any CPU.Build.0 = Debug|Any CPU
		{373AA69C-5652-4BED-A3DF-70EC13E9DF35}.Release|Any CPU.ActiveCfg = Release|Any CPU
		{373AA69C-5652-4BED-A3DF-70EC13E9DF35}.Release|Any CPU.Build.0 = Release|Any CPU
		{790C99AC-4FC8-45B6-8CF8-1CEA585A8DDD}.Debug|Any CPU.ActiveCfg = Debug|Any CPU
		{790C99AC-4FC8-45B6-8CF8-1CEA585A8DDD}.Debug|Any CPU.Build.0 = Debug|Any CPU
		{790C99AC-4FC8-45B6-8CF8-1CEA585A8DDD}.Release|Any CPU.ActiveCfg = Release|Any CPU
		{790C99AC-4FC8-45B6-8CF8-1CEA585A8DDD}.Release|Any CPU.Build.0 = Release|Any CPU
		{1EE72799-03DA-4E55-A7F9-14FD6EE757D5}.Debug|Any CPU.ActiveCfg = Debug|Any CPU
		{1EE72799-03DA-4E55-A7F9-14FD6EE757D5}.Debug|Any CPU.Build.0 = Debug|Any CPU
		{1EE72799-03DA-4E55-A7F9-14FD6EE757D5}.Release|Any CPU.ActiveCfg = Release|Any CPU
		{1EE72799-03DA-4E55-A7F9-14FD6EE757D5}.Release|Any CPU.Build.0 = Release|Any CPU
	EndGlobalSection
	GlobalSection(SolutionProperties) = preSolution
		HideSolutionNode = FALSE
	EndGlobalSection
	GlobalSection(ExtensibilityGlobals) = postSolution
		SolutionGuid = {3E4F4C7F-5E98-4064-A04C-61A5F6F38264}
	EndGlobalSection
EndGlobal
